
Microsoft Visual Studio Solution File, Format Version 12.00
# Visual Studio 15
VisualStudioVersion = 15.0.28307.168
MinimumVisualStudioVersion = 10.0.40219.1
Project("{FAE04EC0-301F-11D3-BF4B-00C04F79EFBC}") = "MovieFinder", "MovieFinder\MovieFinder.csproj", "{5C30045B-A56F-422F-9F64-C5A6055A1160}"
EndProject
Project("{FAE04EC0-301F-11D3-BF4B-00C04F79EFBC}") = "MovieFinder.Test", "MovieFinder.Test\MovieFinder.Test.csproj", "{20A849B1-2DC7-47C0-8AC2-EE92DAF02CB7}"
EndProject
Global
	GlobalSection(SolutionConfigurationPlatforms) = preSolution
		Debug|Any CPU = Debug|Any CPU
		Release|Any CPU = Release|Any CPU
	EndGlobalSection
	GlobalSection(ProjectConfigurationPlatforms) = postSolution
		{5C30045B-A56F-422F-9F64-C5A6055A1160}.Debug|Any CPU.ActiveCfg = Debug|Any CPU
		{5C30045B-A56F-422F-9F64-C5A6055A1160}.Debug|Any CPU.Build.0 = Debug|Any CPU
		{5C30045B-A56F-422F-9F64-C5A6055A1160}.Release|Any CPU.ActiveCfg = Release|Any CPU
		{5C30045B-A56F-422F-9F64-C5A6055A1160}.Release|Any CPU.Build.0 = Release|Any CPU
		{20A849B1-2DC7-47C0-8AC2-EE92DAF02CB7}.Debug|Any CPU.ActiveCfg = Debug|Any CPU
		{20A849B1-2DC7-47C0-8AC2-EE92DAF02CB7}.Debug|Any CPU.Build.0 = Debug|Any CPU
		{20A849B1-2DC7-47C0-8AC2-EE92DAF02CB7}.Release|Any CPU.ActiveCfg = Release|Any CPU
		{20A849B1-2DC7-47C0-8AC2-EE92DAF02CB7}.Release|Any CPU.Build.0 = Release|Any CPU
	EndGlobalSection
	GlobalSection(SolutionProperties) = preSolution
		HideSolutionNode = FALSE
	EndGlobalSection
	GlobalSection(ExtensibilityGlobals) = postSolution
		SolutionGuid = {17B46CB9-82E5-4DF5-B8EC-D64376E19FEE}
	EndGlobalSection
EndGlobal
